
Microsoft Visual Studio Solution File, Format Version 12.00
# Visual Studio Version 17
VisualStudioVersion = 17.9.34723.18
MinimumVisualStudioVersion = 10.0.40219.1
Project("{FAE04EC0-301F-11D3-BF4B-00C04F79EFBC}") = "EjemploClasesProyecto", "EjemploClasesProyecto\EjemploClasesProyecto.csproj", "{292DE2F6-63B5-497A-A406-4A5F6B10A054}"
EndProject
Global
	GlobalSection(SolutionConfigurationPlatforms) = preSolution
		Debug|Any CPU = Debug|Any CPU
		Release|Any CPU = Release|Any CPU
	EndGlobalSection
	GlobalSection(ProjectConfigurationPlatforms) = postSolution
		{292DE2F6-63B5-497A-A406-4A5F6B10A054}.Debug|Any CPU.ActiveCfg = Debug|Any CPU
		{292DE2F6-63B5-497A-A406-4A5F6B10A054}.Debug|Any CPU.Build.0 = Debug|Any CPU
		{292DE2F6-63B5-497A-A406-4A5F6B10A054}.Release|Any CPU.ActiveCfg = Release|Any CPU
		{292DE2F6-63B5-497A-A406-4A5F6B10A054}.Release|Any CPU.Build.0 = Release|Any CPU
	EndGlobalSection
	GlobalSection(SolutionProperties) = preSolution
		HideSolutionNode = FALSE
	EndGlobalSection
	GlobalSection(ExtensibilityGlobals) = postSolution
		SolutionGuid = {A9596E57-A9FF-44D2-8E3F-353EFBDA55CA}
	EndGlobalSection
EndGlobal
