
Microsoft Visual Studio Solution File, Format Version 12.00
# Visual Studio Version 17
VisualStudioVersion = 17.9.34723.18
MinimumVisualStudioVersion = 10.0.40219.1
Project("{FAE04EC0-301F-11D3-BF4B-00C04F79EFBC}") = "MaquinaExpendedoraProyecto", "MaquinaExpendedoraProyecto\MaquinaExpendedoraProyecto.csproj", "{ED703ADF-3F06-47C2-9881-64EA23AD5DE1}"
EndProject
Global
	GlobalSection(SolutionConfigurationPlatforms) = preSolution
		Debug|Any CPU = Debug|Any CPU
		Release|Any CPU = Release|Any CPU
	EndGlobalSection
	GlobalSection(ProjectConfigurationPlatforms) = postSolution
		{ED703ADF-3F06-47C2-9881-64EA23AD5DE1}.Debug|Any CPU.ActiveCfg = Debug|Any CPU
		{ED703ADF-3F06-47C2-9881-64EA23AD5DE1}.Debug|Any CPU.Build.0 = Debug|Any CPU
		{ED703ADF-3F06-47C2-9881-64EA23AD5DE1}.Release|Any CPU.ActiveCfg = Release|Any CPU
		{ED703ADF-3F06-47C2-9881-64EA23AD5DE1}.Release|Any CPU.Build.0 = Release|Any CPU
	EndGlobalSection
	GlobalSection(SolutionProperties) = preSolution
		HideSolutionNode = FALSE
	EndGlobalSection
	GlobalSection(ExtensibilityGlobals) = postSolution
		SolutionGuid = {7FA798D6-4E8D-46DA-B157-4A65D02E0C1C}
	EndGlobalSection
EndGlobal
